
Microsoft Visual Studio Solution File, Format Version 12.00
# Visual Studio 2012
Project("{FAE04EC0-301F-11D3-BF4B-00C04F79EFBC}") = "ARGIK", "ARGIX\ARGIK.csproj", "{397C7576-9DF4-40A2-8BC4-AE13029E6797}"
EndProject
Project("{FAE04EC0-301F-11D3-BF4B-00C04F79EFBC}") = "Kinect.Toolbox", "KinectToolbox\Kinect.Toolbox.csproj", "{2C84CE43-CDAB-4541-A55A-7F849E8AC247}"
EndProject
Project("{FAE04EC0-301F-11D3-BF4B-00C04F79EFBC}") = "Kinect.Toolbox.Voice", "Kinect.Toolbox.Voice\Kinect.Toolbox.Voice.csproj", "{09DAE56B-715F-4069-BB66-A110D876A772}"
EndProject
Global
	GlobalSection(SolutionConfigurationPlatforms) = preSolution
		Debug|Any CPU = Debug|Any CPU
		Release|Any CPU = Release|Any CPU
	EndGlobalSection
	GlobalSection(ProjectConfigurationPlatforms) = postSolution
		{397C7576-9DF4-40A2-8BC4-AE13029E6797}.Debug|Any CPU.ActiveCfg = Debug|Any CPU
		{397C7576-9DF4-40A2-8BC4-AE13029E6797}.Debug|Any CPU.Build.0 = Debug|Any CPU
		{397C7576-9DF4-40A2-8BC4-AE13029E6797}.Release|Any CPU.ActiveCfg = Release|Any CPU
		{397C7576-9DF4-40A2-8BC4-AE13029E6797}.Release|Any CPU.Build.0 = Release|Any CPU
		{2C84CE43-CDAB-4541-A55A-7F849E8AC247}.Debug|Any CPU.ActiveCfg = Debug|Any CPU
		{2C84CE43-CDAB-4541-A55A-7F849E8AC247}.Debug|Any CPU.Build.0 = Debug|Any CPU
		{2C84CE43-CDAB-4541-A55A-7F849E8AC247}.Release|Any CPU.ActiveCfg = Release|Any CPU
		{2C84CE43-CDAB-4541-A55A-7F849E8AC247}.Release|Any CPU.Build.0 = Release|Any CPU
		{09DAE56B-715F-4069-BB66-A110D876A772}.Debug|Any CPU.ActiveCfg = Debug|Any CPU
		{09DAE56B-715F-4069-BB66-A110D876A772}.Debug|Any CPU.Build.0 = Debug|Any CPU
		{09DAE56B-715F-4069-BB66-A110D876A772}.Release|Any CPU.ActiveCfg = Release|Any CPU
		{09DAE56B-715F-4069-BB66-A110D876A772}.Release|Any CPU.Build.0 = Release|Any CPU
	EndGlobalSection
	GlobalSection(SolutionProperties) = preSolution
		HideSolutionNode = FALSE
	EndGlobalSection
EndGlobal
